PODS:
  - Alamofire (4.8.1)
  - Google-Mobile-Ads-SDK (7.39.0)
  - SwiftyJSON (4.2.0)

DEPENDENCIES:
  - Alamofire (~> 4.7)
  - Google-Mobile-Ads-SDK
  - SwiftyJSON (~> 4.0)

SPEC CHECKSUMS:
  Alamofire: 16ce2c353fb72865124ddae8a57c5942388f4f11
  Google-Mobile-Ads-SDK: d0f10a7c4d7015db23075ff316602350d12049db
  SwiftyJSON: c4bcba26dd9ec7a027fc8eade48e2c911f229e96

PODFILE CHECKSUM: e57d7d1437602a9905a6a0960c5ebe81ea632201

COCOAPODS: 1.4.0
