PODS:
  - Alamofire (4.8.1)
  - Google-Mobile-Ads-SDK (7.40.0)
  - SwiftyJSON (4.2.0)

DEPENDENCIES:
  - Alamofire (~> 4.7)
  - Google-Mobile-Ads-SDK
  - SwiftyJSON (~> 4.0)

SPEC CHECKSUMS:
  Alamofire: 16ce2c353fb72865124ddae8a57c5942388f4f11
  Google-Mobile-Ads-SDK: 9d1c38a83febea769470aa514a9c7954e2d1483d
  SwiftyJSON: c4bcba26dd9ec7a027fc8eade48e2c911f229e96

PODFILE CHECKSUM: e57d7d1437602a9905a6a0960c5ebe81ea632201

COCOAPODS: 1.4.0
