// !$*UTF8*$!
{
	archiveVersion = 1;
	classes = {
	};
	objectVersion = 48;
	objects = {

/* Begin PBXBuildFile section */
		690460CC1F9AEDDB008F260E /* Pods_Dusty.framework in Frameworks */ = {isa = PBXBuildFile; fileRef = 48D6CC2C4146AAD11994C743 /* Pods_Dusty.framework */; settings = {ATTRIBUTES = (Required, ); }; };
		A3DF8B08CCB27BC93E6B168D /* Pods_Dusty_Widget.framework in Frameworks */ = {isa = PBXBuildFile; fileRef = EC3FDF5B1D6918E600DD056A /* Pods_Dusty_Widget.framework */; };
		EF36A63720FF7A5E0027552A /* AddressCenter.swift in Sources */ = {isa = PBXBuildFile; fileRef = EF36A63620FF7A5E0027552A /* AddressCenter.swift */; };
		EF36A63921006C3A0027552A /* SearchCenter.swift in Sources */ = {isa = PBXBuildFile; fileRef = EF36A63821006C3A0027552A /* SearchCenter.swift */; };
		EF4DC47720285F73000FBA5A /* DesignableView.swift in Sources */ = {isa = PBXBuildFile; fileRef = EF4DC47620285F73000FBA5A /* DesignableView.swift */; };
		EF698C8220F9BBE6005DE014 /* SettingsViewController.swift in Sources */ = {isa = PBXBuildFile; fileRef = EF698C8120F9BBE6005DE014 /* SettingsViewController.swift */; };
		EF74529B202D388900B213D3 /* NotificationCenter.framework in Frameworks */ = {isa = PBXBuildFile; fileRef = EF74529A202D388900B213D3 /* NotificationCenter.framework */; };
		EF74529E202D388900B213D3 /* TodayViewController.swift in Sources */ = {isa = PBXBuildFile; fileRef = EF74529D202D388900B213D3 /* TodayViewController.swift */; };
		EF7452A1202D388900B213D3 /* MainInterface.storyboard in Resources */ = {isa = PBXBuildFile; fileRef = EF74529F202D388900B213D3 /* MainInterface.storyboard */; };
		EF7452A5202D388900B213D3 /* Dusty Widget.appex in Embed App Extensions */ = {isa = PBXBuildFile; fileRef = EF745299202D388900B213D3 /* Dusty Widget.appex */; settings = {ATTRIBUTES = (RemoveHeadersOnCopy, ); }; };
		EF92C7192028494300204A57 /* AppDelegate.swift in Sources */ = {isa = PBXBuildFile; fileRef = EF92C7182028494300204A57 /* AppDelegate.swift */; };
		EF92C71B2028494300204A57 /* ViewController.swift in Sources */ = {isa = PBXBuildFile; fileRef = EF92C71A2028494300204A57 /* ViewController.swift */; };
		EF92C71E2028494300204A57 /* Main.storyboard in Resources */ = {isa = PBXBuildFile; fileRef = EF92C71C2028494300204A57 /* Main.storyboard */; };
		EF92C7202028494300204A57 /* Assets.xcassets in Resources */ = {isa = PBXBuildFile; fileRef = EF92C71F2028494300204A57 /* Assets.xcassets */; };
		EF92C7232028494300204A57 /* LaunchScreen.storyboard in Resources */ = {isa = PBXBuildFile; fileRef = EF92C7212028494300204A57 /* LaunchScreen.storyboard */; };
		EFC30B3D20FA5A71005D6C93 /* UmdCenter.swift in Sources */ = {isa = PBXBuildFile; fileRef = EFC30B3C20FA5A71005D6C93 /* UmdCenter.swift */; };
		EFD5757520FCBC61009A401B /* GoogleService-Info.plist in Resources */ = {isa = PBXBuildFile; fileRef = EFD5757420FCBC61009A401B /* GoogleService-Info.plist */; };
		EFF0266120FB81EF00FB6249 /* TmCenter.swift in Sources */ = {isa = PBXBuildFile; fileRef = EFF0266020FB81EF00FB6249 /* TmCenter.swift */; };
		EFF0266320FBB41500FB6249 /* StationsCenter.swift in Sources */ = {isa = PBXBuildFile; fileRef = EFF0266220FBB41500FB6249 /* StationsCenter.swift */; };
/* End PBXBuildFile section */

/* Begin PBXContainerItemProxy section */
		EF7452A3202D388900B213D3 /* PBXContainerItemProxy */ = {
			isa = PBXContainerItemProxy;
			containerPortal = EF92C70D2028494300204A57 /* Project object */;
			proxyType = 1;
			remoteGlobalIDString = EF745298202D388900B213D3;
			remoteInfo = "Dusty Widget";
		};
/* End PBXContainerItemProxy section */

/* Begin PBXCopyFilesBuildPhase section */
		EF7452A9202D388900B213D3 /* Embed App Extensions */ = {
			isa = PBXCopyFilesBuildPhase;
			buildActionMask = 2147483647;
			dstPath = "";
			dstSubfolderSpec = 13;
			files = (
				EF7452A5202D388900B213D3 /* Dusty Widget.appex in Embed App Extensions */,
			);
			name = "Embed App Extensions";
			runOnlyForDeploymentPostprocessing = 0;
		};
/* End PBXCopyFilesBuildPhase section */

/* Begin PBXFileReference section */
		2ECFCB551F9B9499FE4C6835 /* Pods-Dusty Widget.debug.xcconfig */ = {isa = PBXFileReference; includeInIndex = 1; lastKnownFileType = text.xcconfig; name = "Pods-Dusty Widget.debug.xcconfig"; path = "Pods/Target Support Files/Pods-Dusty Widget/Pods-Dusty Widget.debug.xcconfig"; sourceTree = "<group>"; };
		48D6CC2C4146AAD11994C743 /* Pods_Dusty.framework */ = {isa = PBXFileReference; explicitFileType = wrapper.framework; includeInIndex = 0; path = Pods_Dusty.framework; sourceTree = BUILT_PRODUCTS_DIR; };
		5FBE0CDDBC776C4FB9BC8008 /* Pods-Dusty.debug.xcconfig */ = {isa = PBXFileReference; includeInIndex = 1; lastKnownFileType = text.xcconfig; name = "Pods-Dusty.debug.xcconfig"; path = "Pods/Target Support Files/Pods-Dusty/Pods-Dusty.debug.xcconfig"; sourceTree = "<group>"; };
		7E4B4CE025FD6513F39F1065 /* Pods-Dusty Widget.release.xcconfig */ = {isa = PBXFileReference; includeInIndex = 1; lastKnownFileType = text.xcconfig; name = "Pods-Dusty Widget.release.xcconfig"; path = "Pods/Target Support Files/Pods-Dusty Widget/Pods-Dusty Widget.release.xcconfig"; sourceTree = "<group>"; };
		88E30A6F1340FFD2FC1A8FFC /* Pods-Dusty.release.xcconfig */ = {isa = PBXFileReference; includeInIndex = 1; lastKnownFileType = text.xcconfig; name = "Pods-Dusty.release.xcconfig"; path = "Pods/Target Support Files/Pods-Dusty/Pods-Dusty.release.xcconfig"; sourceTree = "<group>"; };
		EC3FDF5B1D6918E600DD056A /* Pods_Dusty_Widget.framework */ = {isa = PBXFileReference; explicitFileType = wrapper.framework; includeInIndex = 0; path = Pods_Dusty_Widget.framework; sourceTree = BUILT_PRODUCTS_DIR; };
		EF36A63620FF7A5E0027552A /* AddressCenter.swift */ = {isa = PBXFileReference; lastKnownFileType = sourcecode.swift; path = AddressCenter.swift; sourceTree = "<group>"; };
		EF36A63821006C3A0027552A /* SearchCenter.swift */ = {isa = PBXFileReference; lastKnownFileType = sourcecode.swift; path = SearchCenter.swift; sourceTree = "<group>"; };
		EF4DC47620285F73000FBA5A /* DesignableView.swift */ = {isa = PBXFileReference; lastKnownFileType = sourcecode.swift; path = DesignableView.swift; sourceTree = "<group>"; };
		EF69048F2029A57400E83F84 /* Location.gpx */ = {isa = PBXFileReference; lastKnownFileType = text.xml; path = Location.gpx; sourceTree = "<group>"; };
		EF698C8120F9BBE6005DE014 /* SettingsViewController.swift */ = {isa = PBXFileReference; lastKnownFileType = sourcecode.swift; path = SettingsViewController.swift; sourceTree = "<group>"; };
		EF745299202D388900B213D3 /* Dusty Widget.appex */ = {isa = PBXFileReference; explicitFileType = "wrapper.app-extension"; includeInIndex = 0; path = "Dusty Widget.appex"; sourceTree = BUILT_PRODUCTS_DIR; };
		EF74529A202D388900B213D3 /* NotificationCenter.framework */ = {isa = PBXFileReference; lastKnownFileType = wrapper.framework; name = NotificationCenter.framework; path = System/Library/Frameworks/NotificationCenter.framework; sourceTree = SDKROOT; };
		EF74529D202D388900B213D3 /* TodayViewController.swift */ = {isa = PBXFileReference; lastKnownFileType = sourcecode.swift; path = TodayViewController.swift; sourceTree = "<group>"; };
		EF7452A0202D388900B213D3 /* Base */ = {isa = PBXFileReference; lastKnownFileType = file.storyboard; name = Base; path = Base.lproj/MainInterface.storyboard; sourceTree = "<group>"; };
		EF7452A2202D388900B213D3 /* Info.plist */ = {isa = PBXFileReference; lastKnownFileType = text.plist.xml; path = Info.plist; sourceTree = "<group>"; };
		EF7BB7C8202D501500892AA2 /* Dusty Widget.entitlements */ = {isa = PBXFileReference; lastKnownFileType = text.plist.entitlements; path = "Dusty Widget.entitlements"; sourceTree = "<group>"; };
		EF7BB7C9202D504B00892AA2 /* Dusty.entitlements */ = {isa = PBXFileReference; lastKnownFileType = text.plist.entitlements; path = Dusty.entitlements; sourceTree = "<group>"; };
		EF92C7152028494300204A57 /* Dusty.app */ = {isa = PBXFileReference; explicitFileType = wrapper.application; includeInIndex = 0; path = Dusty.app; sourceTree = BUILT_PRODUCTS_DIR; };
		EF92C7182028494300204A57 /* AppDelegate.swift */ = {isa = PBXFileReference; lastKnownFileType = sourcecode.swift; path = AppDelegate.swift; sourceTree = "<group>"; };
		EF92C71A2028494300204A57 /* ViewController.swift */ = {isa = PBXFileReference; lastKnownFileType = sourcecode.swift; path = ViewController.swift; sourceTree = "<group>"; };
		EF92C71D2028494300204A57 /* Base */ = {isa = PBXFileReference; lastKnownFileType = file.storyboard; name = Base; path = Base.lproj/Main.storyboard; sourceTree = "<group>"; };
		EF92C71F2028494300204A57 /* Assets.xcassets */ = {isa = PBXFileReference; lastKnownFileType = folder.assetcatalog; path = Assets.xcassets; sourceTree = "<group>"; };
		EF92C7222028494300204A57 /* Base */ = {isa = PBXFileReference; lastKnownFileType = file.storyboard; name = Base; path = Base.lproj/LaunchScreen.storyboard; sourceTree = "<group>"; };
		EF92C7242028494300204A57 /* Info.plist */ = {isa = PBXFileReference; lastKnownFileType = text.plist.xml; path = Info.plist; sourceTree = "<group>"; };
		EFC11B5420FF405800D211D2 /* Alamofire.framework */ = {isa = PBXFileReference; explicitFileType = wrapper.framework; path = Alamofire.framework; sourceTree = BUILT_PRODUCTS_DIR; };
		EFC30B3C20FA5A71005D6C93 /* UmdCenter.swift */ = {isa = PBXFileReference; lastKnownFileType = sourcecode.swift; path = UmdCenter.swift; sourceTree = "<group>"; };
		EFD5757420FCBC61009A401B /* GoogleService-Info.plist */ = {isa = PBXFileReference; fileEncoding = 4; lastKnownFileType = text.plist.xml; path = "GoogleService-Info.plist"; sourceTree = "<group>"; };
		EFF0266020FB81EF00FB6249 /* TmCenter.swift */ = {isa = PBXFileReference; lastKnownFileType = sourcecode.swift; path = TmCenter.swift; sourceTree = "<group>"; };
		EFF0266220FBB41500FB6249 /* StationsCenter.swift */ = {isa = PBXFileReference; lastKnownFileType = sourcecode.swift; path = StationsCenter.swift; sourceTree = "<group>"; };
/* End PBXFileReference section */

/* Begin PBXFrameworksBuildPhase section */
		EF745296202D388900B213D3 /* Frameworks */ = {
			isa = PBXFrameworksBuildPhase;
			buildActionMask = 2147483647;
			files = (
				EF74529B202D388900B213D3 /* NotificationCenter.framework in Frameworks */,
				A3DF8B08CCB27BC93E6B168D /* Pods_Dusty_Widget.framework in Frameworks */,
			);
			runOnlyForDeploymentPostprocessing = 0;
		};
		EF92C7122028494300204A57 /* Frameworks */ = {
			isa = PBXFrameworksBuildPhase;
			buildActionMask = 2147483647;
			files = (
				690460CC1F9AEDDB008F260E /* Pods_Dusty.framework in Frameworks */,
			);
			runOnlyForDeploymentPostprocessing = 0;
		};
/* End PBXFrameworksBuildPhase section */

/* Begin PBXGroup section */
		320E30F1E90DAA1275418098 /* Frameworks */ = {
			isa = PBXGroup;
			children = (
				EFC11B5420FF405800D211D2 /* Alamofire.framework */,
				48D6CC2C4146AAD11994C743 /* Pods_Dusty.framework */,
				EF74529A202D388900B213D3 /* NotificationCenter.framework */,
				EC3FDF5B1D6918E600DD056A /* Pods_Dusty_Widget.framework */,
			);
			name = Frameworks;
			sourceTree = "<group>";
		};
		D901A389AC17E9369ADEE52C /* Pods */ = {
			isa = PBXGroup;
			children = (
				5FBE0CDDBC776C4FB9BC8008 /* Pods-Dusty.debug.xcconfig */,
				88E30A6F1340FFD2FC1A8FFC /* Pods-Dusty.release.xcconfig */,
				2ECFCB551F9B9499FE4C6835 /* Pods-Dusty Widget.debug.xcconfig */,
				7E4B4CE025FD6513F39F1065 /* Pods-Dusty Widget.release.xcconfig */,
			);
			name = Pods;
			sourceTree = "<group>";
		};
		EF74529C202D388900B213D3 /* Dusty Widget */ = {
			isa = PBXGroup;
			children = (
				EF7BB7C8202D501500892AA2 /* Dusty Widget.entitlements */,
				EF74529D202D388900B213D3 /* TodayViewController.swift */,
				EF74529F202D388900B213D3 /* MainInterface.storyboard */,
				EF7452A2202D388900B213D3 /* Info.plist */,
			);
			path = "Dusty Widget";
			sourceTree = "<group>";
		};
		EF92C70C2028494300204A57 = {
			isa = PBXGroup;
			children = (
				EF92C7172028494300204A57 /* Dusty */,
				EF74529C202D388900B213D3 /* Dusty Widget */,
				EF92C7162028494300204A57 /* Products */,
				D901A389AC17E9369ADEE52C /* Pods */,
				320E30F1E90DAA1275418098 /* Frameworks */,
			);
			sourceTree = "<group>";
		};
		EF92C7162028494300204A57 /* Products */ = {
			isa = PBXGroup;
			children = (
				EF92C7152028494300204A57 /* Dusty.app */,
				EF745299202D388900B213D3 /* Dusty Widget.appex */,
			);
			name = Products;
			sourceTree = "<group>";
		};
		EF92C7172028494300204A57 /* Dusty */ = {
			isa = PBXGroup;
			children = (
				EF7BB7C9202D504B00892AA2 /* Dusty.entitlements */,
				EF92C7182028494300204A57 /* AppDelegate.swift */,
				EF92C71A2028494300204A57 /* ViewController.swift */,
				EF36A63620FF7A5E0027552A /* AddressCenter.swift */,
				EFC30B3C20FA5A71005D6C93 /* UmdCenter.swift */,
				EFF0266020FB81EF00FB6249 /* TmCenter.swift */,
				EFF0266220FBB41500FB6249 /* StationsCenter.swift */,
				EF36A63821006C3A0027552A /* SearchCenter.swift */,
				EF698C8120F9BBE6005DE014 /* SettingsViewController.swift */,
				EF4DC47620285F73000FBA5A /* DesignableView.swift */,
				EF92C71C2028494300204A57 /* Main.storyboard */,
				EF92C71F2028494300204A57 /* Assets.xcassets */,
				EF92C7212028494300204A57 /* LaunchScreen.storyboard */,
				EF92C7242028494300204A57 /* Info.plist */,
				EF69048F2029A57400E83F84 /* Location.gpx */,
				EFD5757420FCBC61009A401B /* GoogleService-Info.plist */,
			);
			path = Dusty;
			sourceTree = "<group>";
		};
/* End PBXGroup section */

/* Begin PBXNativeTarget section */
		EF745298202D388900B213D3 /* Dusty Widget */ = {
			isa = PBXNativeTarget;
			buildConfigurationList = EF7452A6202D388900B213D3 /* Build configuration list for PBXNativeTarget "Dusty Widget" */;
			buildPhases = (
				78A876DF12C3D423136D9426 /* [CP] Check Pods Manifest.lock */,
				EF745295202D388900B213D3 /* Sources */,
				EF745296202D388900B213D3 /* Frameworks */,
				EF745297202D388900B213D3 /* Resources */,
			);
			buildRules = (
			);
			dependencies = (
			);
			name = "Dusty Widget";
			productName = "Dusty Widget";
			productReference = EF745299202D388900B213D3 /* Dusty Widget.appex */;
			productType = "com.apple.product-type.app-extension";
		};
		EF92C7142028494300204A57 /* Dusty */ = {
			isa = PBXNativeTarget;
			buildConfigurationList = EF92C7272028494300204A57 /* Build configuration list for PBXNativeTarget "Dusty" */;
			buildPhases = (
				10884E9574032CFF4CE94837 /* [CP] Check Pods Manifest.lock */,
				EF92C7112028494300204A57 /* Sources */,
				EF92C7122028494300204A57 /* Frameworks */,
				EF92C7132028494300204A57 /* Resources */,
				EF7452A9202D388900B213D3 /* Embed App Extensions */,
				F7A329E36F3C61057ADFDF54 /* [CP] Embed Pods Frameworks */,
			);
			buildRules = (
			);
			dependencies = (
				EF7452A4202D388900B213D3 /* PBXTargetDependency */,
			);
			name = Dusty;
			productName = Dusty;
			productReference = EF92C7152028494300204A57 /* Dusty.app */;
			productType = "com.apple.product-type.application";
		};
/* End PBXNativeTarget section */

/* Begin PBXProject section */
		EF92C70D2028494300204A57 /* Project object */ = {
			isa = PBXProject;
			attributes = {
				LastSwiftUpdateCheck = 0920;
				LastUpgradeCheck = 1000;
				ORGANIZATIONNAME = macker;
				TargetAttributes = {
					EF745298202D388900B213D3 = {
						CreatedOnToolsVersion = 9.2;
						LastSwiftMigration = 1000;
						ProvisioningStyle = Automatic;
						SystemCapabilities = {
							com.apple.ApplicationGroups.iOS = {
								enabled = 1;
							};
						};
					};
					EF92C7142028494300204A57 = {
						CreatedOnToolsVersion = 9.2;
						LastSwiftMigration = 1000;
						ProvisioningStyle = Automatic;
						SystemCapabilities = {
							com.apple.ApplicationGroups.iOS = {
								enabled = 1;
							};
							com.apple.BackgroundModes = {
								enabled = 1;
							};
							com.apple.Push = {
								enabled = 0;
							};
						};
					};
				};
			};
			buildConfigurationList = EF92C7102028494300204A57 /* Build configuration list for PBXProject "Dusty" */;
			compatibilityVersion = "Xcode 8.0";
			developmentRegion = en;
			hasScannedForEncodings = 0;
			knownRegions = (
				Base,
			);
			mainGroup = EF92C70C2028494300204A57;
			productRefGroup = EF92C7162028494300204A57 /* Products */;
			projectDirPath = "";
			projectRoot = "";
			targets = (
				EF92C7142028494300204A57 /* Dusty */,
				EF745298202D388900B213D3 /* Dusty Widget */,
			);
		};
/* End PBXProject section */

/* Begin PBXResourcesBuildPhase section */
		EF745297202D388900B213D3 /* Resources */ = {
			isa = PBXResourcesBuildPhase;
			buildActionMask = 2147483647;
			files = (
				EF7452A1202D388900B213D3 /* MainInterface.storyboard in Resources */,
			);
			runOnlyForDeploymentPostprocessing = 0;
		};
		EF92C7132028494300204A57 /* Resources */ = {
			isa = PBXResourcesBuildPhase;
			buildActionMask = 2147483647;
			files = (
				EF92C7232028494300204A57 /* LaunchScreen.storyboard in Resources */,
				EFD5757520FCBC61009A401B /* GoogleService-Info.plist in Resources */,
				EF92C7202028494300204A57 /* Assets.xcassets in Resources */,
				EF92C71E2028494300204A57 /* Main.storyboard in Resources */,
			);
			runOnlyForDeploymentPostprocessing = 0;
		};
/* End PBXResourcesBuildPhase section */

/* Begin PBXShellScriptBuildPhase section */
		10884E9574032CFF4CE94837 /* [CP] Check Pods Manifest.lock */ = {
			isa = PBXShellScriptBuildPhase;
			buildActionMask = 2147483647;
			files = (
			);
			inputPaths = (
				"${PODS_PODFILE_DIR_PATH}/Podfile.lock",
				"${PODS_ROOT}/Manifest.lock",
			);
			name = "[CP] Check Pods Manifest.lock";
			outputPaths = (
				"$(DERIVED_FILE_DIR)/Pods-Dusty-checkManifestLockResult.txt",
			);
			runOnlyForDeploymentPostprocessing = 0;
			shellPath = /bin/sh;
			shellScript = "diff \"${PODS_PODFILE_DIR_PATH}/Podfile.lock\" \"${PODS_ROOT}/Manifest.lock\" > /dev/null\nif [ $? != 0 ] ; then\n    # print error to STDERR\n    echo \"error: The sandbox is not in sync with the Podfile.lock. Run 'pod install' or update your CocoaPods installation.\" >&2\n    exit 1\nfi\n# This output is used by Xcode 'outputs' to avoid re-running this script phase.\necho \"SUCCESS\" > \"${SCRIPT_OUTPUT_FILE_0}\"\n";
			showEnvVarsInLog = 0;
		};
		78A876DF12C3D423136D9426 /* [CP] Check Pods Manifest.lock */ = {
			isa = PBXShellScriptBuildPhase;
			buildActionMask = 2147483647;
			files = (
			);
			inputPaths = (
				"${PODS_PODFILE_DIR_PATH}/Podfile.lock",
				"${PODS_ROOT}/Manifest.lock",
			);
			name = "[CP] Check Pods Manifest.lock";
			outputPaths = (
				"$(DERIVED_FILE_DIR)/Pods-Dusty Widget-checkManifestLockResult.txt",
			);
			runOnlyForDeploymentPostprocessing = 0;
			shellPath = /bin/sh;
			shellScript = "diff \"${PODS_PODFILE_DIR_PATH}/Podfile.lock\" \"${PODS_ROOT}/Manifest.lock\" > /dev/null\nif [ $? != 0 ] ; then\n    # print error to STDERR\n    echo \"error: The sandbox is not in sync with the Podfile.lock. Run 'pod install' or update your CocoaPods installation.\" >&2\n    exit 1\nfi\n# This output is used by Xcode 'outputs' to avoid re-running this script phase.\necho \"SUCCESS\" > \"${SCRIPT_OUTPUT_FILE_0}\"\n";
			showEnvVarsInLog = 0;
		};
		F7A329E36F3C61057ADFDF54 /* [CP] Embed Pods Frameworks */ = {
			isa = PBXShellScriptBuildPhase;
			buildActionMask = 2147483647;
			files = (
			);
			inputPaths = (
				"${SRCROOT}/Pods/Target Support Files/Pods-Dusty/Pods-Dusty-frameworks.sh",
				"${BUILT_PRODUCTS_DIR}/Alamofire/Alamofire.framework",
				"${BUILT_PRODUCTS_DIR}/SwiftyJSON/SwiftyJSON.framework",
			);
			name = "[CP] Embed Pods Frameworks";
			outputPaths = (
				"${TARGET_BUILD_DIR}/${FRAMEWORKS_FOLDER_PATH}/Alamofire.framework",
				"${TARGET_BUILD_DIR}/${FRAMEWORKS_FOLDER_PATH}/SwiftyJSON.framework",
			);
			runOnlyForDeploymentPostprocessing = 0;
			shellPath = /bin/sh;
			shellScript = "\"${SRCROOT}/Pods/Target Support Files/Pods-Dusty/Pods-Dusty-frameworks.sh\"\n";
			showEnvVarsInLog = 0;
		};
/* End PBXShellScriptBuildPhase section */

/* Begin PBXSourcesBuildPhase section */
		EF745295202D388900B213D3 /* Sources */ = {
			isa = PBXSourcesBuildPhase;
			buildActionMask = 2147483647;
			files = (
				EF74529E202D388900B213D3 /* TodayViewController.swift in Sources */,
			);
			runOnlyForDeploymentPostprocessing = 0;
		};
		EF92C7112028494300204A57 /* Sources */ = {
			isa = PBXSourcesBuildPhase;
			buildActionMask = 2147483647;
			files = (
				EFC30B3D20FA5A71005D6C93 /* UmdCenter.swift in Sources */,
				EFF0266320FBB41500FB6249 /* StationsCenter.swift in Sources */,
				EF92C71B2028494300204A57 /* ViewController.swift in Sources */,
				EF36A63921006C3A0027552A /* SearchCenter.swift in Sources */,
				EF92C7192028494300204A57 /* AppDelegate.swift in Sources */,
				EF698C8220F9BBE6005DE014 /* SettingsViewController.swift in Sources */,
				EF36A63720FF7A5E0027552A /* AddressCenter.swift in Sources */,
				EFF0266120FB81EF00FB6249 /* TmCenter.swift in Sources */,
				EF4DC47720285F73000FBA5A /* DesignableView.swift in Sources */,
			);
			runOnlyForDeploymentPostprocessing = 0;
		};
/* End PBXSourcesBuildPhase section */

/* Begin PBXTargetDependency section */
		EF7452A4202D388900B213D3 /* PBXTargetDependency */ = {
			isa = PBXTargetDependency;
			target = EF745298202D388900B213D3 /* Dusty Widget */;
			targetProxy = EF7452A3202D388900B213D3 /* PBXContainerItemProxy */;
		};
/* End PBXTargetDependency section */

/* Begin PBXVariantGroup section */
		EF74529F202D388900B213D3 /* MainInterface.storyboard */ = {
			isa = PBXVariantGroup;
			children = (
				EF7452A0202D388900B213D3 /* Base */,
			);
			name = MainInterface.storyboard;
			sourceTree = "<group>";
		};
		EF92C71C2028494300204A57 /* Main.storyboard */ = {
			isa = PBXVariantGroup;
			children = (
				EF92C71D2028494300204A57 /* Base */,
			);
			name = Main.storyboard;
			sourceTree = "<group>";
		};
		EF92C7212028494300204A57 /* LaunchScreen.storyboard */ = {
			isa = PBXVariantGroup;
			children = (
				EF92C7222028494300204A57 /* Base */,
			);
			name = LaunchScreen.storyboard;
			sourceTree = "<group>";
		};
/* End PBXVariantGroup section */

/* Begin XCBuildConfiguration section */
		EF7452A7202D388900B213D3 /* Debug */ = {
			isa = XCBuildConfiguration;
			baseConfigurationReference = 2ECFCB551F9B9499FE4C6835 /* Pods-Dusty Widget.debug.xcconfig */;
			buildSettings = {
				CODE_SIGN_ENTITLEMENTS = "Dusty Widget/Dusty Widget.entitlements";
				CODE_SIGN_STYLE = Automatic;
				DEVELOPMENT_TEAM = 77DCP747V2;
				INFOPLIST_FILE = "Dusty Widget/Info.plist";
				IPHONEOS_DEPLOYMENT_TARGET = 10.0;
				LD_RUNPATH_SEARCH_PATHS = "$(inherited) @executable_path/Frameworks @executable_path/../../Frameworks";
				PRODUCT_BUNDLE_IDENTIFIER = "com.macker.Dusty.Dusty-Widget";
				PRODUCT_NAME = "$(TARGET_NAME)";
				SKIP_INSTALL = YES;
				SWIFT_VERSION = 4.2;
				TARGETED_DEVICE_FAMILY = 1;
			};
			name = Debug;
		};
		EF7452A8202D388900B213D3 /* Release */ = {
			isa = XCBuildConfiguration;
			baseConfigurationReference = 7E4B4CE025FD6513F39F1065 /* Pods-Dusty Widget.release.xcconfig */;
			buildSettings = {
				CODE_SIGN_ENTITLEMENTS = "Dusty Widget/Dusty Widget.entitlements";
				CODE_SIGN_STYLE = Automatic;
				DEVELOPMENT_TEAM = 77DCP747V2;
				INFOPLIST_FILE = "Dusty Widget/Info.plist";
				IPHONEOS_DEPLOYMENT_TARGET = 10.0;
				LD_RUNPATH_SEARCH_PATHS = "$(inherited) @executable_path/Frameworks @executable_path/../../Frameworks";
				PRODUCT_BUNDLE_IDENTIFIER = "com.macker.Dusty.Dusty-Widget";
				PRODUCT_NAME = "$(TARGET_NAME)";
				SKIP_INSTALL = YES;
				SWIFT_VERSION = 4.2;
				TARGETED_DEVICE_FAMILY = 1;
			};
			name = Release;
		};
		EF92C7252028494300204A57 /* Debug */ = {
			isa = XCBuildConfiguration;
			buildSettings = {
				ALWAYS_SEARCH_USER_PATHS = NO;
				CLANG_ANALYZER_LOCALIZABILITY_NONLOCALIZED = YES;
				CLANG_ANALYZER_NONNULL = YES;
				CLANG_ANALYZER_NUMBER_OBJECT_CONVERSION = YES_AGGRESSIVE;
				CLANG_CXX_LANGUAGE_STANDARD = "gnu++14";
				CLANG_CXX_LIBRARY = "libc++";
				CLANG_ENABLE_MODULES = YES;
				CLANG_ENABLE_OBJC_ARC = YES;
				CLANG_WARN_BLOCK_CAPTURE_AUTORELEASING = YES;
				CLANG_WARN_BOOL_CONVERSION = YES;
				CLANG_WARN_COMMA = YES;
				CLANG_WARN_CONSTANT_CONVERSION = YES;
				CLANG_WARN_DEPRECATED_OBJC_IMPLEMENTATIONS = YES;
				CLANG_WARN_DIRECT_OBJC_ISA_USAGE = YES_ERROR;
				CLANG_WARN_DOCUMENTATION_COMMENTS = YES;
				CLANG_WARN_EMPTY_BODY = YES;
				CLANG_WARN_ENUM_CONVERSION = YES;
				CLANG_WARN_INFINITE_RECURSION = YES;
				CLANG_WARN_INT_CONVERSION = YES;
				CLANG_WARN_NON_LITERAL_NULL_CONVERSION = YES;
				CLANG_WARN_OBJC_IMPLICIT_RETAIN_SELF = YES;
				CLANG_WARN_OBJC_LITERAL_CONVERSION = YES;
				CLANG_WARN_OBJC_ROOT_CLASS = YES_ERROR;
				CLANG_WARN_RANGE_LOOP_ANALYSIS = YES;
				CLANG_WARN_STRICT_PROTOTYPES = YES;
				CLANG_WARN_SUSPICIOUS_MOVE = YES;
				CLANG_WARN_UNGUARDED_AVAILABILITY = YES_AGGRESSIVE;
				CLANG_WARN_UNREACHABLE_CODE = YES;
				CLANG_WARN__DUPLICATE_METHOD_MATCH = YES;
				CODE_SIGN_IDENTITY = "iPhone Developer";
				COPY_PHASE_STRIP = NO;
				DEBUG_INFORMATION_FORMAT = dwarf;
				ENABLE_STRICT_OBJC_MSGSEND = YES;
				ENABLE_TESTABILITY = YES;
				GCC_C_LANGUAGE_STANDARD = gnu11;
				GCC_DYNAMIC_NO_PIC = NO;
				GCC_NO_COMMON_BLOCKS = YES;
				GCC_OPTIMIZATION_LEVEL = 0;
				GCC_PREPROCESSOR_DEFINITIONS = (
					"DEBUG=1",
					"$(inherited)",
				);
				GCC_WARN_64_TO_32_BIT_CONVERSION = YES;
				GCC_WARN_ABOUT_RETURN_TYPE = YES_ERROR;
				GCC_WARN_UNDECLARED_SELECTOR = YES;
				GCC_WARN_UNINITIALIZED_AUTOS = YES_AGGRESSIVE;
				GCC_WARN_UNUSED_FUNCTION = YES;
				GCC_WARN_UNUSED_VARIABLE = YES;
				IPHONEOS_DEPLOYMENT_TARGET = 10.0;
				MTL_ENABLE_DEBUG_INFO = YES;
				ONLY_ACTIVE_ARCH = YES;
				SDKROOT = iphoneos;
				SWIFT_ACTIVE_COMPILATION_CONDITIONS = DEBUG;
				SWIFT_OPTIMIZATION_LEVEL = "-Onone";
			};
			name = Debug;
		};
		EF92C7262028494300204A57 /* Release */ = {
			isa = XCBuildConfiguration;
			buildSettings = {
				ALWAYS_SEARCH_USER_PATHS = NO;
				CLANG_ANALYZER_LOCALIZABILITY_NONLOCALIZED = YES;
				CLANG_ANALYZER_NONNULL = YES;
				CLANG_ANALYZER_NUMBER_OBJECT_CONVERSION = YES_AGGRESSIVE;
				CLANG_CXX_LANGUAGE_STANDARD = "gnu++14";
				CLANG_CXX_LIBRARY = "libc++";
				CLANG_ENABLE_MODULES = YES;
				CLANG_ENABLE_OBJC_ARC = YES;
				CLANG_WARN_BLOCK_CAPTURE_AUTORELEASING = YES;
				CLANG_WARN_BOOL_CONVERSION = YES;
				CLANG_WARN_COMMA = YES;
				CLANG_WARN_CONSTANT_CONVERSION = YES;
				CLANG_WARN_DEPRECATED_OBJC_IMPLEMENTATIONS = YES;
				CLANG_WARN_DIRECT_OBJC_ISA_USAGE = YES_ERROR;
				CLANG_WARN_DOCUMENTATION_COMMENTS = YES;
				CLANG_WARN_EMPTY_BODY = YES;
				CLANG_WARN_ENUM_CONVERSION = YES;
				CLANG_WARN_INFINITE_RECURSION = YES;
				CLANG_WARN_INT_CONVERSION = YES;
				CLANG_WARN_NON_LITERAL_NULL_CONVERSION = YES;
				CLANG_WARN_OBJC_IMPLICIT_RETAIN_SELF = YES;
				CLANG_WARN_OBJC_LITERAL_CONVERSION = YES;
				CLANG_WARN_OBJC_ROOT_CLASS = YES_ERROR;
				CLANG_WARN_RANGE_LOOP_ANALYSIS = YES;
				CLANG_WARN_STRICT_PROTOTYPES = YES;
				CLANG_WARN_SUSPICIOUS_MOVE = YES;
				CLANG_WARN_UNGUARDED_AVAILABILITY = YES_AGGRESSIVE;
				CLANG_WARN_UNREACHABLE_CODE = YES;
				CLANG_WARN__DUPLICATE_METHOD_MATCH = YES;
				CODE_SIGN_IDENTITY = "iPhone Developer";
				COPY_PHASE_STRIP = NO;
				DEBUG_INFORMATION_FORMAT = "dwarf-with-dsym";
				ENABLE_NS_ASSERTIONS = NO;
				ENABLE_STRICT_OBJC_MSGSEND = YES;
				GCC_C_LANGUAGE_STANDARD = gnu11;
				GCC_NO_COMMON_BLOCKS = YES;
				GCC_WARN_64_TO_32_BIT_CONVERSION = YES;
				GCC_WARN_ABOUT_RETURN_TYPE = YES_ERROR;
				GCC_WARN_UNDECLARED_SELECTOR = YES;
				GCC_WARN_UNINITIALIZED_AUTOS = YES_AGGRESSIVE;
				GCC_WARN_UNUSED_FUNCTION = YES;
				GCC_WARN_UNUSED_VARIABLE = YES;
				IPHONEOS_DEPLOYMENT_TARGET = 10.0;
				MTL_ENABLE_DEBUG_INFO = NO;
				SDKROOT = iphoneos;
				SWIFT_OPTIMIZATION_LEVEL = "-Owholemodule";
				VALIDATE_PRODUCT = YES;
			};
			name = Release;
		};
		EF92C7282028494300204A57 /* Debug */ = {
			isa = XCBuildConfiguration;
			baseConfigurationReference = 5FBE0CDDBC776C4FB9BC8008 /* Pods-Dusty.debug.xcconfig */;
			buildSettings = {
				ASSETCATALOG_COMPILER_APPICON_NAME = AppIcon;
				CODE_SIGN_ENTITLEMENTS = Dusty/Dusty.entitlements;
				CODE_SIGN_STYLE = Automatic;
				DEVELOPMENT_TEAM = 77DCP747V2;
				INFOPLIST_FILE = Dusty/Info.plist;
				IPHONEOS_DEPLOYMENT_TARGET = 10.0;
				LD_RUNPATH_SEARCH_PATHS = "$(inherited) @executable_path/Frameworks";
				OTHER_LDFLAGS = (
					"$(inherited)",
					"-ObjC",
					"-l\"c++\"",
					"-l\"sqlite3\"",
					"-l\"z\"",
					"-framework",
					"\"AVFoundation\"",
					"-framework",
					"\"Alamofire\"",
					"-framework",
					"\"AudioToolbox\"",
					"-framework",
					"\"CFNetwork\"",
					"-framework",
					"\"CoreGraphics\"",
					"-framework",
					"\"CoreMedia\"",
					"-framework",
					"\"CoreMotion\"",
					"-framework",
					"\"CoreTelephony\"",
					"-framework",
					"\"CoreVideo\"",
					"-framework",
					"\"Foundation\"",
					"-framework",
					"\"GLKit\"",
					"-framework",
					"\"GoogleMobileAds\"",
					"-framework",
					"\"MediaPlayer\"",
					"-framework",
					"\"MessageUI\"",
					"-framework",
					"\"MobileCoreServices\"",
					"-framework",
					"\"OpenGLES\"",
					"-framework",
					"\"QuartzCore\"",
					"-framework",
					"\"Security\"",
					"-framework",
					"\"StoreKit\"",
					"-framework",
					"\"SwiftyJSON\"",
					"-framework",
					"\"SystemConfiguration\"",
					"-weak_framework",
					"\"AdSupport\"",
					"-weak_framework",
					"\"JavaScriptCore\"",
					"-weak_framework",
					"\"SafariServices\"",
					"-weak_framework",
					"\"WebKit\"",
				);
				PRODUCT_BUNDLE_IDENTIFIER = com.macker.Dusty;
				PRODUCT_NAME = "$(TARGET_NAME)";
				SWIFT_VERSION = 4.2;
				TARGETED_DEVICE_FAMILY = 1;
			};
			name = Debug;
		};
		EF92C7292028494300204A57 /* Release */ = {
			isa = XCBuildConfiguration;
			baseConfigurationReference = 88E30A6F1340FFD2FC1A8FFC /* Pods-Dusty.release.xcconfig */;
			buildSettings = {
				ASSETCATALOG_COMPILER_APPICON_NAME = AppIcon;
				CODE_SIGN_ENTITLEMENTS = Dusty/Dusty.entitlements;
				CODE_SIGN_STYLE = Automatic;
				DEVELOPMENT_TEAM = 77DCP747V2;
				INFOPLIST_FILE = Dusty/Info.plist;
				IPHONEOS_DEPLOYMENT_TARGET = 10.0;
				LD_RUNPATH_SEARCH_PATHS = "$(inherited) @executable_path/Frameworks";
				OTHER_LDFLAGS = (
					"$(inherited)",
					"-ObjC",
					"-l\"c++\"",
					"-l\"sqlite3\"",
					"-l\"z\"",
					"-framework",
					"\"AVFoundation\"",
					"-framework",
					"\"Alamofire\"",
					"-framework",
					"\"AudioToolbox\"",
					"-framework",
					"\"CFNetwork\"",
					"-framework",
					"\"CoreGraphics\"",
					"-framework",
					"\"CoreMedia\"",
					"-framework",
					"\"CoreMotion\"",
					"-framework",
					"\"CoreTelephony\"",
					"-framework",
					"\"CoreVideo\"",
					"-framework",
					"\"Foundation\"",
					"-framework",
					"\"GLKit\"",
					"-framework",
					"\"GoogleMobileAds\"",
					"-framework",
					"\"MediaPlayer\"",
					"-framework",
					"\"MessageUI\"",
					"-framework",
					"\"MobileCoreServices\"",
					"-framework",
					"\"OpenGLES\"",
					"-framework",
					"\"QuartzCore\"",
					"-framework",
					"\"Security\"",
					"-framework",
					"\"StoreKit\"",
					"-framework",
					"\"SwiftyJSON\"",
					"-framework",
					"\"SystemConfiguration\"",
					"-weak_framework",
					"\"AdSupport\"",
					"-weak_framework",
					"\"JavaScriptCore\"",
					"-weak_framework",
					"\"SafariServices\"",
					"-weak_framework",
					"\"WebKit\"",
				);
				PRODUCT_BUNDLE_IDENTIFIER = com.macker.Dusty;
				PRODUCT_NAME = "$(TARGET_NAME)";
				SWIFT_VERSION = 4.2;
				TARGETED_DEVICE_FAMILY = 1;
			};
			name = Release;
		};
/* End XCBuildConfiguration section */

/* Begin XCConfigurationList section */
		EF7452A6202D388900B213D3 /* Build configuration list for PBXNativeTarget "Dusty Widget" */ = {
			isa = XCConfigurationList;
			buildConfigurations = (
				EF7452A7202D388900B213D3 /* Debug */,
				EF7452A8202D388900B213D3 /* Release */,
			);
			defaultConfigurationIsVisible = 0;
			defaultConfigurationName = Release;
		};
		EF92C7102028494300204A57 /* Build configuration list for PBXProject "Dusty" */ = {
			isa = XCConfigurationList;
			buildConfigurations = (
				EF92C7252028494300204A57 /* Debug */,
				EF92C7262028494300204A57 /* Release */,
			);
			defaultConfigurationIsVisible = 0;
			defaultConfigurationName = Release;
		};
		EF92C7272028494300204A57 /* Build configuration list for PBXNativeTarget "Dusty" */ = {
			isa = XCConfigurationList;
			buildConfigurations = (
				EF92C7282028494300204A57 /* Debug */,
				EF92C7292028494300204A57 /* Release */,
			);
			defaultConfigurationIsVisible = 0;
			defaultConfigurationName = Release;
		};
/* End XCConfigurationList section */
	};
	rootObject = EF92C70D2028494300204A57 /* Project object */;
}
